// !$*UTF8*$!
{
	archiveVersion = 1;
	classes = {
	};
	objectVersion = 56;
	objects = {

/* Begin PBXBuildFile section */
		A38E533F2B7BA34800074D2E /* ReminderViewController+Section.swift in Sources */ = {isa = PBXBuildFile; fileRef = A38E533E2B7BA34800074D2E /* ReminderViewController+Section.swift */; };
		A38E53432B7BB63100074D2E /* ReminderViewController+CellConfiguration.swift in Sources */ = {isa = PBXBuildFile; fileRef = A38E53422B7BB63100074D2E /* ReminderViewController+CellConfiguration.swift */; };
		A38E53462B7BB84600074D2E /* UIView+PinnedSubview.swift in Sources */ = {isa = PBXBuildFile; fileRef = A38E53452B7BB84600074D2E /* UIView+PinnedSubview.swift */; };
		A38E53482B7BDF8300074D2E /* TextFieldContentView.swift in Sources */ = {isa = PBXBuildFile; fileRef = A38E53472B7BDF8300074D2E /* TextFieldContentView.swift */; };
		A38E534A2B7BE0E700074D2E /* UIContentConfiguration+Stateless.swift in Sources */ = {isa = PBXBuildFile; fileRef = A38E53492B7BE0E700074D2E /* UIContentConfiguration+Stateless.swift */; };
		A38E534C2B7C07BF00074D2E /* TextViewContentView.swift in Sources */ = {isa = PBXBuildFile; fileRef = A38E534B2B7C07BF00074D2E /* TextViewContentView.swift */; };
		A38E534E2B7C0BA600074D2E /* DatePickerContentView.swift in Sources */ = {isa = PBXBuildFile; fileRef = A38E534D2B7C0BA600074D2E /* DatePickerContentView.swift */; };
		A3A0C51F2B7ACF740086F3B0 /* AppDelegate.swift in Sources */ = {isa = PBXBuildFile; fileRef = A3A0C51E2B7ACF740086F3B0 /* AppDelegate.swift */; };
		A3A0C5212B7ACF740086F3B0 /* SceneDelegate.swift in Sources */ = {isa = PBXBuildFile; fileRef = A3A0C5202B7ACF740086F3B0 /* SceneDelegate.swift */; };
		A3A0C5232B7ACF740086F3B0 /* ReminderListViewController.swift in Sources */ = {isa = PBXBuildFile; fileRef = A3A0C5222B7ACF740086F3B0 /* ReminderListViewController.swift */; };
		A3A0C5262B7ACF740086F3B0 /* Main.storyboard in Resources */ = {isa = PBXBuildFile; fileRef = A3A0C5242B7ACF740086F3B0 /* Main.storyboard */; };
		A3A0C5282B7ACF750086F3B0 /* Assets.xcassets in Resources */ = {isa = PBXBuildFile; fileRef = A3A0C5272B7ACF750086F3B0 /* Assets.xcassets */; };
		A3A0C52B2B7ACF750086F3B0 /* LaunchScreen.storyboard in Resources */ = {isa = PBXBuildFile; fileRef = A3A0C5292B7ACF750086F3B0 /* LaunchScreen.storyboard */; };
		A3A0C5362B7AD05E0086F3B0 /* Reminder.swift in Sources */ = {isa = PBXBuildFile; fileRef = A3A0C5352B7AD05E0086F3B0 /* Reminder.swift */; };
		A3A0C5382B7AE9520086F3B0 /* Date+Today.swift in Sources */ = {isa = PBXBuildFile; fileRef = A3A0C5372B7AE9520086F3B0 /* Date+Today.swift */; };
		A3A0C53A2B7AE95C0086F3B0 /* UIColor+Today.swift in Sources */ = {isa = PBXBuildFile; fileRef = A3A0C5392B7AE95C0086F3B0 /* UIColor+Today.swift */; };
		A3A0C53D2B7AEB3F0086F3B0 /* ReminderListViewController+DataSource.swift in Sources */ = {isa = PBXBuildFile; fileRef = A3A0C53C2B7AEB3F0086F3B0 /* ReminderListViewController+DataSource.swift */; };
		A3A0C5402B7AFFB40086F3B0 /* ReminderDoneButton.swift in Sources */ = {isa = PBXBuildFile; fileRef = A3A0C53F2B7AFFB40086F3B0 /* ReminderDoneButton.swift */; };
		A3A0C5422B7B00290086F3B0 /* ReminderListViewController+Actions.swift in Sources */ = {isa = PBXBuildFile; fileRef = A3A0C5412B7B00290086F3B0 /* ReminderListViewController+Actions.swift */; };
		A3A0C5452B7B05C60086F3B0 /* ReminderViewController.swift in Sources */ = {isa = PBXBuildFile; fileRef = A3A0C5442B7B05C60086F3B0 /* ReminderViewController.swift */; };
		A3A0C5482B7B06A70086F3B0 /* ReminderViewController+Row.swift in Sources */ = {isa = PBXBuildFile; fileRef = A3A0C5472B7B06A70086F3B0 /* ReminderViewController+Row.swift */; };
/* End PBXBuildFile section */

/* Begin PBXFileReference section */
		A38E533E2B7BA34800074D2E /* ReminderViewController+Section.swift */ = {isa = PBXFileReference; lastKnownFileType = sourcecode.swift; path = "ReminderViewController+Section.swift"; sourceTree = "<group>"; };
		A38E53422B7BB63100074D2E /* ReminderViewController+CellConfiguration.swift */ = {isa = PBXFileReference; lastKnownFileType = sourcecode.swift; path = "ReminderViewController+CellConfiguration.swift"; sourceTree = "<group>"; };
		A38E53452B7BB84600074D2E /* UIView+PinnedSubview.swift */ = {isa = PBXFileReference; lastKnownFileType = sourcecode.swift; path = "UIView+PinnedSubview.swift"; sourceTree = "<group>"; };
		A38E53472B7BDF8300074D2E /* TextFieldContentView.swift */ = {isa = PBXFileReference; lastKnownFileType = sourcecode.swift; path = TextFieldContentView.swift; sourceTree = "<group>"; };
		A38E53492B7BE0E700074D2E /* UIContentConfiguration+Stateless.swift */ = {isa = PBXFileReference; lastKnownFileType = sourcecode.swift; path = "UIContentConfiguration+Stateless.swift"; sourceTree = "<group>"; };
		A38E534B2B7C07BF00074D2E /* TextViewContentView.swift */ = {isa = PBXFileReference; lastKnownFileType = sourcecode.swift; path = TextViewContentView.swift; sourceTree = "<group>"; };
		A38E534D2B7C0BA600074D2E /* DatePickerContentView.swift */ = {isa = PBXFileReference; lastKnownFileType = sourcecode.swift; path = DatePickerContentView.swift; sourceTree = "<group>"; };
		A3A0C51B2B7ACF740086F3B0 /* ReminderApp.app */ = {isa = PBXFileReference; explicitFileType = wrapper.application; includeInIndex = 0; path = ReminderApp.app; sourceTree = BUILT_PRODUCTS_DIR; };
		A3A0C51E2B7ACF740086F3B0 /* AppDelegate.swift */ = {isa = PBXFileReference; lastKnownFileType = sourcecode.swift; path = AppDelegate.swift; sourceTree = "<group>"; };
		A3A0C5202B7ACF740086F3B0 /* SceneDelegate.swift */ = {isa = PBXFileReference; lastKnownFileType = sourcecode.swift; path = SceneDelegate.swift; sourceTree = "<group>"; };
		A3A0C5222B7ACF740086F3B0 /* ReminderListViewController.swift */ = {isa = PBXFileReference; lastKnownFileType = sourcecode.swift; path = ReminderListViewController.swift; sourceTree = "<group>"; };
		A3A0C5252B7ACF740086F3B0 /* Base */ = {isa = PBXFileReference; lastKnownFileType = file.storyboard; name = Base; path = Base.lproj/Main.storyboard; sourceTree = "<group>"; };
		A3A0C5272B7ACF750086F3B0 /* Assets.xcassets */ = {isa = PBXFileReference; lastKnownFileType = folder.assetcatalog; path = Assets.xcassets; sourceTree = "<group>"; };
		A3A0C52A2B7ACF750086F3B0 /* Base */ = {isa = PBXFileReference; lastKnownFileType = file.storyboard; name = Base; path = Base.lproj/LaunchScreen.storyboard; sourceTree = "<group>"; };
		A3A0C52C2B7ACF750086F3B0 /* Info.plist */ = {isa = PBXFileReference; lastKnownFileType = text.plist.xml; path = Info.plist; sourceTree = "<group>"; };
		A3A0C5352B7AD05E0086F3B0 /* Reminder.swift */ = {isa = PBXFileReference; lastKnownFileType = sourcecode.swift; path = Reminder.swift; sourceTree = "<group>"; };
		A3A0C5372B7AE9520086F3B0 /* Date+Today.swift */ = {isa = PBXFileReference; lastKnownFileType = sourcecode.swift; path = "Date+Today.swift"; sourceTree = "<group>"; };
		A3A0C5392B7AE95C0086F3B0 /* UIColor+Today.swift */ = {isa = PBXFileReference; lastKnownFileType = sourcecode.swift; path = "UIColor+Today.swift"; sourceTree = "<group>"; };
		A3A0C53C2B7AEB3F0086F3B0 /* ReminderListViewController+DataSource.swift */ = {isa = PBXFileReference; lastKnownFileType = sourcecode.swift; path = "ReminderListViewController+DataSource.swift"; sourceTree = "<group>"; };
		A3A0C53F2B7AFFB40086F3B0 /* ReminderDoneButton.swift */ = {isa = PBXFileReference; lastKnownFileType = sourcecode.swift; path = ReminderDoneButton.swift; sourceTree = "<group>"; };
		A3A0C5412B7B00290086F3B0 /* ReminderListViewController+Actions.swift */ = {isa = PBXFileReference; lastKnownFileType = sourcecode.swift; path = "ReminderListViewController+Actions.swift"; sourceTree = "<group>"; };
		A3A0C5442B7B05C60086F3B0 /* ReminderViewController.swift */ = {isa = PBXFileReference; lastKnownFileType = sourcecode.swift; path = ReminderViewController.swift; sourceTree = "<group>"; };
		A3A0C5472B7B06A70086F3B0 /* ReminderViewController+Row.swift */ = {isa = PBXFileReference; lastKnownFileType = sourcecode.swift; path = "ReminderViewController+Row.swift"; sourceTree = "<group>"; };
/* End PBXFileReference section */

/* Begin PBXFrameworksBuildPhase section */
		A3A0C5182B7ACF740086F3B0 /* Frameworks */ = {
			isa = PBXFrameworksBuildPhase;
			buildActionMask = 2147483647;
			files = (
			);
			runOnlyForDeploymentPostprocessing = 0;
		};
/* End PBXFrameworksBuildPhase section */

/* Begin PBXGroup section */
		A38E53442B7BB81800074D2E /* ContentViews */ = {
			isa = PBXGroup;
			children = (
				A38E534D2B7C0BA600074D2E /* DatePickerContentView.swift */,
				A38E53472B7BDF8300074D2E /* TextFieldContentView.swift */,
				A38E534B2B7C07BF00074D2E /* TextViewContentView.swift */,
				A38E53492B7BE0E700074D2E /* UIContentConfiguration+Stateless.swift */,
				A38E53452B7BB84600074D2E /* UIView+PinnedSubview.swift */,
			);
			path = ContentViews;
			sourceTree = "<group>";
		};
		A3A0C5122B7ACF740086F3B0 = {
			isa = PBXGroup;
			children = (
				A3A0C51D2B7ACF740086F3B0 /* ReminderApp */,
				A3A0C51C2B7ACF740086F3B0 /* Products */,
			);
			sourceTree = "<group>";
		};
		A3A0C51C2B7ACF740086F3B0 /* Products */ = {
			isa = PBXGroup;
			children = (
				A3A0C51B2B7ACF740086F3B0 /* ReminderApp.app */,
			);
			name = Products;
			sourceTree = "<group>";
		};
		A3A0C51D2B7ACF740086F3B0 /* ReminderApp */ = {
			isa = PBXGroup;
			children = (
				A3A0C52C2B7ACF750086F3B0 /* Info.plist */,
				A3A0C51E2B7ACF740086F3B0 /* AppDelegate.swift */,
				A3A0C5202B7ACF740086F3B0 /* SceneDelegate.swift */,
				A3A0C5272B7ACF750086F3B0 /* Assets.xcassets */,
				A3A0C53E2B7AFFAA0086F3B0 /* Components */,
				A38E53442B7BB81800074D2E /* ContentViews */,
				A3A0C53B2B7AEB2D0086F3B0 /* Controllers */,
				A3A0C5292B7ACF750086F3B0 /* LaunchScreen.storyboard */,
				A3A0C5242B7ACF740086F3B0 /* Main.storyboard */,
				A3A0C5342B7AD0500086F3B0 /* Models */,
			);
			path = ReminderApp;
			sourceTree = "<group>";
		};
		A3A0C5342B7AD0500086F3B0 /* Models */ = {
			isa = PBXGroup;
			children = (
				A3A0C5372B7AE9520086F3B0 /* Date+Today.swift */,
				A3A0C5352B7AD05E0086F3B0 /* Reminder.swift */,
				A3A0C5392B7AE95C0086F3B0 /* UIColor+Today.swift */,
			);
			path = Models;
			sourceTree = "<group>";
		};
		A3A0C53B2B7AEB2D0086F3B0 /* Controllers */ = {
			isa = PBXGroup;
			children = (
				A3A0C5432B7B05B40086F3B0 /* ReminderListViewController */,
				A3A0C5462B7B06980086F3B0 /* ReminderViewController */,
			);
			path = Controllers;
			sourceTree = "<group>";
		};
		A3A0C53E2B7AFFAA0086F3B0 /* Components */ = {
			isa = PBXGroup;
			children = (
				A3A0C53F2B7AFFB40086F3B0 /* ReminderDoneButton.swift */,
			);
			path = Components;
			sourceTree = "<group>";
		};
		A3A0C5432B7B05B40086F3B0 /* ReminderListViewController */ = {
			isa = PBXGroup;
			children = (
				A3A0C5222B7ACF740086F3B0 /* ReminderListViewController.swift */,
				A3A0C5412B7B00290086F3B0 /* ReminderListViewController+Actions.swift */,
				A3A0C53C2B7AEB3F0086F3B0 /* ReminderListViewController+DataSource.swift */,
			);
			path = ReminderListViewController;
			sourceTree = "<group>";
		};
		A3A0C5462B7B06980086F3B0 /* ReminderViewController */ = {
			isa = PBXGroup;
			children = (
				A3A0C5442B7B05C60086F3B0 /* ReminderViewController.swift */,
				A38E53422B7BB63100074D2E /* ReminderViewController+CellConfiguration.swift */,
				A3A0C5472B7B06A70086F3B0 /* ReminderViewController+Row.swift */,
				A38E533E2B7BA34800074D2E /* ReminderViewController+Section.swift */,
			);
			path = ReminderViewController;
			sourceTree = "<group>";
		};
/* End PBXGroup section */

/* Begin PBXNativeTarget section */
		A3A0C51A2B7ACF740086F3B0 /* ReminderApp */ = {
			isa = PBXNativeTarget;
			buildConfigurationList = A3A0C52F2B7ACF750086F3B0 /* Build configuration list for PBXNativeTarget "ReminderApp" */;
			buildPhases = (
				A3A0C5172B7ACF740086F3B0 /* Sources */,
				A3A0C5182B7ACF740086F3B0 /* Frameworks */,
				A3A0C5192B7ACF740086F3B0 /* Resources */,
			);
			buildRules = (
			);
			dependencies = (
			);
			name = ReminderApp;
			productName = ReminderApp;
			productReference = A3A0C51B2B7ACF740086F3B0 /* ReminderApp.app */;
			productType = "com.apple.product-type.application";
		};
/* End PBXNativeTarget section */

/* Begin PBXProject section */
		A3A0C5132B7ACF740086F3B0 /* Project object */ = {
			isa = PBXProject;
			attributes = {
				BuildIndependentTargetsInParallel = 1;
				LastSwiftUpdateCheck = 1520;
				LastUpgradeCheck = 1520;
				TargetAttributes = {
					A3A0C51A2B7ACF740086F3B0 = {
						CreatedOnToolsVersion = 15.2;
					};
				};
			};
			buildConfigurationList = A3A0C5162B7ACF740086F3B0 /* Build configuration list for PBXProject "ReminderApp" */;
			compatibilityVersion = "Xcode 14.0";
			developmentRegion = en;
			hasScannedForEncodings = 0;
			knownRegions = (
				en,
				Base,
			);
			mainGroup = A3A0C5122B7ACF740086F3B0;
			productRefGroup = A3A0C51C2B7ACF740086F3B0 /* Products */;
			projectDirPath = "";
			projectRoot = "";
			targets = (
				A3A0C51A2B7ACF740086F3B0 /* ReminderApp */,
			);
		};
/* End PBXProject section */

/* Begin PBXResourcesBuildPhase section */
		A3A0C5192B7ACF740086F3B0 /* Resources */ = {
			isa = PBXResourcesBuildPhase;
			buildActionMask = 2147483647;
			files = (
				A3A0C52B2B7ACF750086F3B0 /* LaunchScreen.storyboard in Resources */,
				A3A0C5282B7ACF750086F3B0 /* Assets.xcassets in Resources */,
				A3A0C5262B7ACF740086F3B0 /* Main.storyboard in Resources */,
			);
			runOnlyForDeploymentPostprocessing = 0;
		};
/* End PBXResourcesBuildPhase section */

/* Begin PBXSourcesBuildPhase section */
		A3A0C5172B7ACF740086F3B0 /* Sources */ = {
			isa = PBXSourcesBuildPhase;
			buildActionMask = 2147483647;
			files = (
				A38E53462B7BB84600074D2E /* UIView+PinnedSubview.swift in Sources */,
				A38E533F2B7BA34800074D2E /* ReminderViewController+Section.swift in Sources */,
				A38E534E2B7C0BA600074D2E /* DatePickerContentView.swift in Sources */,
				A3A0C5232B7ACF740086F3B0 /* ReminderListViewController.swift in Sources */,
				A3A0C5422B7B00290086F3B0 /* ReminderListViewController+Actions.swift in Sources */,
				A3A0C5452B7B05C60086F3B0 /* ReminderViewController.swift in Sources */,
				A38E534A2B7BE0E700074D2E /* UIContentConfiguration+Stateless.swift in Sources */,
				A3A0C5382B7AE9520086F3B0 /* Date+Today.swift in Sources */,
				A3A0C51F2B7ACF740086F3B0 /* AppDelegate.swift in Sources */,
				A38E53482B7BDF8300074D2E /* TextFieldContentView.swift in Sources */,
				A38E534C2B7C07BF00074D2E /* TextViewContentView.swift in Sources */,
				A3A0C5482B7B06A70086F3B0 /* ReminderViewController+Row.swift in Sources */,
				A3A0C5402B7AFFB40086F3B0 /* ReminderDoneButton.swift in Sources */,
				A3A0C5212B7ACF740086F3B0 /* SceneDelegate.swift in Sources */,
				A38E53432B7BB63100074D2E /* ReminderViewController+CellConfiguration.swift in Sources */,
				A3A0C53D2B7AEB3F0086F3B0 /* ReminderListViewController+DataSource.swift in Sources */,
				A3A0C5362B7AD05E0086F3B0 /* Reminder.swift in Sources */,
				A3A0C53A2B7AE95C0086F3B0 /* UIColor+Today.swift in Sources */,
			);
			runOnlyForDeploymentPostprocessing = 0;
		};
/* End PBXSourcesBuildPhase section */

/* Begin PBXVariantGroup section */
		A3A0C5242B7ACF740086F3B0 /* Main.storyboard */ = {
			isa = PBXVariantGroup;
			children = (
				A3A0C5252B7ACF740086F3B0 /* Base */,
			);
			name = Main.storyboard;
			sourceTree = "<group>";
		};
		A3A0C5292B7ACF750086F3B0 /* LaunchScreen.storyboard */ = {
			isa = PBXVariantGroup;
			children = (
				A3A0C52A2B7ACF750086F3B0 /* Base */,
			);
			name = LaunchScreen.storyboard;
			sourceTree = "<group>";
		};
/* End PBXVariantGroup section */

/* Begin XCBuildConfiguration section */
		A3A0C52D2B7ACF750086F3B0 /* Debug */ = {
			isa = XCBuildConfiguration;
			buildSettings = {
				ALWAYS_SEARCH_USER_PATHS = NO;
				ASSETCATALOG_COMPILER_GENERATE_SWIFT_ASSET_SYMBOL_EXTENSIONS = YES;
				CLANG_ANALYZER_NONNULL = YES;
				CLANG_ANALYZER_NUMBER_OBJECT_CONVERSION = YES_AGGRESSIVE;
				CLANG_CXX_LANGUAGE_STANDARD = "gnu++20";
				CLANG_ENABLE_MODULES = YES;
				CLANG_ENABLE_OBJC_ARC = YES;
				CLANG_ENABLE_OBJC_WEAK = YES;
				CLANG_WARN_BLOCK_CAPTURE_AUTORELEASING = YES;
				CLANG_WARN_BOOL_CONVERSION = YES;
				CLANG_WARN_COMMA = YES;
				CLANG_WARN_CONSTANT_CONVERSION = YES;
				CLANG_WARN_DEPRECATED_OBJC_IMPLEMENTATIONS = YES;
				CLANG_WARN_DIRECT_OBJC_ISA_USAGE = YES_ERROR;
				CLANG_WARN_DOCUMENTATION_COMMENTS = YES;
				CLANG_WARN_EMPTY_BODY = YES;
				CLANG_WARN_ENUM_CONVERSION = YES;
				CLANG_WARN_INFINITE_RECURSION = YES;
				CLANG_WARN_INT_CONVERSION = YES;
				CLANG_WARN_NON_LITERAL_NULL_CONVERSION = YES;
				CLANG_WARN_OBJC_IMPLICIT_RETAIN_SELF = YES;
				CLANG_WARN_OBJC_LITERAL_CONVERSION = YES;
				CLANG_WARN_OBJC_ROOT_CLASS = YES_ERROR;
				CLANG_WARN_QUOTED_INCLUDE_IN_FRAMEWORK_HEADER = YES;
				CLANG_WARN_RANGE_LOOP_ANALYSIS = YES;
				CLANG_WARN_STRICT_PROTOTYPES = YES;
				CLANG_WARN_SUSPICIOUS_MOVE = YES;
				CLANG_WARN_UNGUARDED_AVAILABILITY = YES_AGGRESSIVE;
				CLANG_WARN_UNREACHABLE_CODE = YES;
				CLANG_WARN__DUPLICATE_METHOD_MATCH = YES;
				COPY_PHASE_STRIP = NO;
				DEBUG_INFORMATION_FORMAT = dwarf;
				ENABLE_STRICT_OBJC_MSGSEND = YES;
				ENABLE_TESTABILITY = YES;
				ENABLE_USER_SCRIPT_SANDBOXING = YES;
				GCC_C_LANGUAGE_STANDARD = gnu17;
				GCC_DYNAMIC_NO_PIC = NO;
				GCC_NO_COMMON_BLOCKS = YES;
				GCC_OPTIMIZATION_LEVEL = 0;
				GCC_PREPROCESSOR_DEFINITIONS = (
					"DEBUG=1",
					"$(inherited)",
				);
				GCC_WARN_64_TO_32_BIT_CONVERSION = YES;
				GCC_WARN_ABOUT_RETURN_TYPE = YES_ERROR;
				GCC_WARN_UNDECLARED_SELECTOR = YES;
				GCC_WARN_UNINITIALIZED_AUTOS = YES_AGGRESSIVE;
				GCC_WARN_UNUSED_FUNCTION = YES;
				GCC_WARN_UNUSED_VARIABLE = YES;
				IPHONEOS_DEPLOYMENT_TARGET = 17.2;
				LOCALIZATION_PREFERS_STRING_CATALOGS = YES;
				MTL_ENABLE_DEBUG_INFO = INCLUDE_SOURCE;
				MTL_FAST_MATH = YES;
				ONLY_ACTIVE_ARCH = YES;
				SDKROOT = iphoneos;
				SWIFT_ACTIVE_COMPILATION_CONDITIONS = "DEBUG $(inherited)";
				SWIFT_OPTIMIZATION_LEVEL = "-Onone";
			};
			name = Debug;
		};
		A3A0C52E2B7ACF750086F3B0 /* Release */ = {
			isa = XCBuildConfiguration;
			buildSettings = {
				ALWAYS_SEARCH_USER_PATHS = NO;
				ASSETCATALOG_COMPILER_GENERATE_SWIFT_ASSET_SYMBOL_EXTENSIONS = YES;
				CLANG_ANALYZER_NONNULL = YES;
				CLANG_ANALYZER_NUMBER_OBJECT_CONVERSION = YES_AGGRESSIVE;
				CLANG_CXX_LANGUAGE_STANDARD = "gnu++20";
				CLANG_ENABLE_MODULES = YES;
				CLANG_ENABLE_OBJC_ARC = YES;
				CLANG_ENABLE_OBJC_WEAK = YES;
				CLANG_WARN_BLOCK_CAPTURE_AUTORELEASING = YES;
				CLANG_WARN_BOOL_CONVERSION = YES;
				CLANG_WARN_COMMA = YES;
				CLANG_WARN_CONSTANT_CONVERSION = YES;
				CLANG_WARN_DEPRECATED_OBJC_IMPLEMENTATIONS = YES;
				CLANG_WARN_DIRECT_OBJC_ISA_USAGE = YES_ERROR;
				CLANG_WARN_DOCUMENTATION_COMMENTS = YES;
				CLANG_WARN_EMPTY_BODY = YES;
				CLANG_WARN_ENUM_CONVERSION = YES;
				CLANG_WARN_INFINITE_RECURSION = YES;
				CLANG_WARN_INT_CONVERSION = YES;
				CLANG_WARN_NON_LITERAL_NULL_CONVERSION = YES;
				CLANG_WARN_OBJC_IMPLICIT_RETAIN_SELF = YES;
				CLANG_WARN_OBJC_LITERAL_CONVERSION = YES;
				CLANG_WARN_OBJC_ROOT_CLASS = YES_ERROR;
				CLANG_WARN_QUOTED_INCLUDE_IN_FRAMEWORK_HEADER = YES;
				CLANG_WARN_RANGE_LOOP_ANALYSIS = YES;
				CLANG_WARN_STRICT_PROTOTYPES = YES;
				CLANG_WARN_SUSPICIOUS_MOVE = YES;
				CLANG_WARN_UNGUARDED_AVAILABILITY = YES_AGGRESSIVE;
				CLANG_WARN_UNREACHABLE_CODE = YES;
				CLANG_WARN__DUPLICATE_METHOD_MATCH = YES;
				COPY_PHASE_STRIP = NO;
				DEBUG_INFORMATION_FORMAT = "dwarf-with-dsym";
				ENABLE_NS_ASSERTIONS = NO;
				ENABLE_STRICT_OBJC_MSGSEND = YES;
				ENABLE_USER_SCRIPT_SANDBOXING = YES;
				GCC_C_LANGUAGE_STANDARD = gnu17;
				GCC_NO_COMMON_BLOCKS = YES;
				GCC_WARN_64_TO_32_BIT_CONVERSION = YES;
				GCC_WARN_ABOUT_RETURN_TYPE = YES_ERROR;
				GCC_WARN_UNDECLARED_SELECTOR = YES;
				GCC_WARN_UNINITIALIZED_AUTOS = YES_AGGRESSIVE;
				GCC_WARN_UNUSED_FUNCTION = YES;
				GCC_WARN_UNUSED_VARIABLE = YES;
				IPHONEOS_DEPLOYMENT_TARGET = 17.2;
				LOCALIZATION_PREFERS_STRING_CATALOGS = YES;
				MTL_ENABLE_DEBUG_INFO = NO;
				MTL_FAST_MATH = YES;
				SDKROOT = iphoneos;
				SWIFT_COMPILATION_MODE = wholemodule;
				VALIDATE_PRODUCT = YES;
			};
			name = Release;
		};
		A3A0C5302B7ACF750086F3B0 /* Debug */ = {
			isa = XCBuildConfiguration;
			buildSettings = {
				ASSETCATALOG_COMPILER_APPICON_NAME = AppIcon;
				ASSETCATALOG_COMPILER_GLOBAL_ACCENT_COLOR_NAME = AccentColor;
				CODE_SIGN_STYLE = Automatic;
				CURRENT_PROJECT_VERSION = 1;
				DEVELOPMENT_TEAM = NF5X2BH93G;
				GENERATE_INFOPLIST_FILE = YES;
				INFOPLIST_FILE = ReminderApp/Info.plist;
				INFOPLIST_KEY_UIApplicationSupportsIndirectInputEvents = YES;
				INFOPLIST_KEY_UILaunchStoryboardName = LaunchScreen;
				INFOPLIST_KEY_UIMainStoryboardFile = Main;
				INFOPLIST_KEY_UISupportedInterfaceOrientations_iPad = "UIInterfaceOrientationPortrait UIInterfaceOrientationPortraitUpsideDown UIInterfaceOrientationLandscapeLeft UIInterfaceOrientationLandscapeRight";
				INFOPLIST_KEY_UISupportedInterfaceOrientations_iPhone = "UIInterfaceOrientationPortrait UIInterfaceOrientationLandscapeLeft UIInterfaceOrientationLandscapeRight";
				LD_RUNPATH_SEARCH_PATHS = (
					"$(inherited)",
					"@executable_path/Frameworks",
				);
				MARKETING_VERSION = 1.0;
				PRODUCT_BUNDLE_IDENTIFIER = ru.yanmoroz.ReminderApp;
				PRODUCT_NAME = "$(TARGET_NAME)";
				SWIFT_EMIT_LOC_STRINGS = YES;
				SWIFT_VERSION = 5.0;
				TARGETED_DEVICE_FAMILY = "1,2";
			};
			name = Debug;
		};
		A3A0C5312B7ACF750086F3B0 /* Release */ = {
			isa = XCBuildConfiguration;
			buildSettings = {
				ASSETCATALOG_COMPILER_APPICON_NAME = AppIcon;
				ASSETCATALOG_COMPILER_GLOBAL_ACCENT_COLOR_NAME = AccentColor;
				CODE_SIGN_STYLE = Automatic;
				CURRENT_PROJECT_VERSION = 1;
				DEVELOPMENT_TEAM = NF5X2BH93G;
				GENERATE_INFOPLIST_FILE = YES;
				INFOPLIST_FILE = ReminderApp/Info.plist;
				INFOPLIST_KEY_UIApplicationSupportsIndirectInputEvents = YES;
				INFOPLIST_KEY_UILaunchStoryboardName = LaunchScreen;
				INFOPLIST_KEY_UIMainStoryboardFile = Main;
				INFOPLIST_KEY_UISupportedInterfaceOrientations_iPad = "UIInterfaceOrientationPortrait UIInterfaceOrientationPortraitUpsideDown UIInterfaceOrientationLandscapeLeft UIInterfaceOrientationLandscapeRight";
				INFOPLIST_KEY_UISupportedInterfaceOrientations_iPhone = "UIInterfaceOrientationPortrait UIInterfaceOrientationLandscapeLeft UIInterfaceOrientationLandscapeRight";
				LD_RUNPATH_SEARCH_PATHS = (
					"$(inherited)",
					"@executable_path/Frameworks",
				);
				MARKETING_VERSION = 1.0;
				PRODUCT_BUNDLE_IDENTIFIER = ru.yanmoroz.ReminderApp;
				PRODUCT_NAME = "$(TARGET_NAME)";
				SWIFT_EMIT_LOC_STRINGS = YES;
				SWIFT_VERSION = 5.0;
				TARGETED_DEVICE_FAMILY = "1,2";
			};
			name = Release;
		};
/* End XCBuildConfiguration section */

/* Begin XCConfigurationList section */
		A3A0C5162B7ACF740086F3B0 /* Build configuration list for PBXProject "ReminderApp" */ = {
			isa = XCConfigurationList;
			buildConfigurations = (
				A3A0C52D2B7ACF750086F3B0 /* Debug */,
				A3A0C52E2B7ACF750086F3B0 /* Release */,
			);
			defaultConfigurationIsVisible = 0;
			defaultConfigurationName = Release;
		};
		A3A0C52F2B7ACF750086F3B0 /* Build configuration list for PBXNativeTarget "ReminderApp" */ = {
			isa = XCConfigurationList;
			buildConfigurations = (
				A3A0C5302B7ACF750086F3B0 /* Debug */,
				A3A0C5312B7ACF750086F3B0 /* Release */,
			);
			defaultConfigurationIsVisible = 0;
			defaultConfigurationName = Release;
		};
/* End XCConfigurationList section */
	};
	rootObject = A3A0C5132B7ACF740086F3B0 /* Project object */;
}
